
Microsoft Visual Studio Solution File, Format Version 12.00
# Visual Studio 15
Project("{FAE04EC0-301F-11D3-BF4B-00C04F79EFBC}") = "Assembly-CSharp", "Assembly-CSharp.csproj", "{65CAB9CB-109A-9C90-CDB8-A8E9C2CC2222}"
EndProject
Project("{FAE04EC0-301F-11D3-BF4B-00C04F79EFBC}") = "Assembly-CSharp-Editor", "Assembly-CSharp-Editor.csproj", "{B53EFCEE-82C6-15D2-C70B-873FAE8C7706}"
EndProject
Global
	GlobalSection(SolutionConfigurationPlatforms) = preSolution
		Debug|Any CPU = Debug|Any CPU
		Release|Any CPU = Release|Any CPU
	EndGlobalSection
	GlobalSection(ProjectConfigurationPlatforms) = postSolution
		{65CAB9CB-109A-9C90-CDB8-A8E9C2CC2222}.Debug|Any CPU.ActiveCfg = Debug|Any CPU
		{65CAB9CB-109A-9C90-CDB8-A8E9C2CC2222}.Debug|Any CPU.Build.0 = Debug|Any CPU
		{65CAB9CB-109A-9C90-CDB8-A8E9C2CC2222}.Release|Any CPU.ActiveCfg = Release|Any CPU
		{65CAB9CB-109A-9C90-CDB8-A8E9C2CC2222}.Release|Any CPU.Build.0 = Release|Any CPU
		{B53EFCEE-82C6-15D2-C70B-873FAE8C7706}.Debug|Any CPU.ActiveCfg = Debug|Any CPU
		{B53EFCEE-82C6-15D2-C70B-873FAE8C7706}.Debug|Any CPU.Build.0 = Debug|Any CPU
		{B53EFCEE-82C6-15D2-C70B-873FAE8C7706}.Release|Any CPU.ActiveCfg = Release|Any CPU
		{B53EFCEE-82C6-15D2-C70B-873FAE8C7706}.Release|Any CPU.Build.0 = Release|Any CPU
	EndGlobalSection
	GlobalSection(SolutionProperties) = preSolution
		HideSolutionNode = FALSE
	EndGlobalSection
EndGlobal
