
Microsoft Visual Studio Solution File, Format Version 12.00
# Visual Studio 15
Project("{FAE04EC0-301F-11D3-BF4B-00C04F79EFBC}") = "Assembly-CSharp", "Assembly-CSharp.csproj", "{2E9EECC7-2E8B-2C8B-E0D1-B936BDF8EAB5}"
EndProject
Project("{FAE04EC0-301F-11D3-BF4B-00C04F79EFBC}") = "Assembly-CSharp-Editor", "Assembly-CSharp-Editor.csproj", "{6874ACA1-58FB-3A89-A409-4B56FC228046}"
EndProject
Global
	GlobalSection(SolutionConfigurationPlatforms) = preSolution
		Debug|Any CPU = Debug|Any CPU
		Release|Any CPU = Release|Any CPU
	EndGlobalSection
	GlobalSection(ProjectConfigurationPlatforms) = postSolution
		{2E9EECC7-2E8B-2C8B-E0D1-B936BDF8EAB5}.Debug|Any CPU.ActiveCfg = Debug|Any CPU
		{2E9EECC7-2E8B-2C8B-E0D1-B936BDF8EAB5}.Debug|Any CPU.Build.0 = Debug|Any CPU
		{2E9EECC7-2E8B-2C8B-E0D1-B936BDF8EAB5}.Release|Any CPU.ActiveCfg = Release|Any CPU
		{2E9EECC7-2E8B-2C8B-E0D1-B936BDF8EAB5}.Release|Any CPU.Build.0 = Release|Any CPU
		{6874ACA1-58FB-3A89-A409-4B56FC228046}.Debug|Any CPU.ActiveCfg = Debug|Any CPU
		{6874ACA1-58FB-3A89-A409-4B56FC228046}.Debug|Any CPU.Build.0 = Debug|Any CPU
		{6874ACA1-58FB-3A89-A409-4B56FC228046}.Release|Any CPU.ActiveCfg = Release|Any CPU
		{6874ACA1-58FB-3A89-A409-4B56FC228046}.Release|Any CPU.Build.0 = Release|Any CPU
	EndGlobalSection
	GlobalSection(SolutionProperties) = preSolution
		HideSolutionNode = FALSE
	EndGlobalSection
EndGlobal
