
Microsoft Visual Studio Solution File, Format Version 12.00
# Visual Studio 15
Project("{FAE04EC0-301F-11D3-BF4B-00C04F79EFBC}") = "Assembly-CSharp", "Assembly-CSharp.csproj", "{B60A0491-B632-6BFA-8FCA-28AE785FB0FB}"
EndProject
Project("{FAE04EC0-301F-11D3-BF4B-00C04F79EFBC}") = "Assembly-CSharp-Editor", "Assembly-CSharp-Editor.csproj", "{F286EAE4-CEAC-E9FD-A7BE-3DFAB7B28248}"
EndProject
Global
	GlobalSection(SolutionConfigurationPlatforms) = preSolution
		Debug|Any CPU = Debug|Any CPU
		Release|Any CPU = Release|Any CPU
	EndGlobalSection
	GlobalSection(ProjectConfigurationPlatforms) = postSolution
		{B60A0491-B632-6BFA-8FCA-28AE785FB0FB}.Debug|Any CPU.ActiveCfg = Debug|Any CPU
		{B60A0491-B632-6BFA-8FCA-28AE785FB0FB}.Debug|Any CPU.Build.0 = Debug|Any CPU
		{B60A0491-B632-6BFA-8FCA-28AE785FB0FB}.Release|Any CPU.ActiveCfg = Release|Any CPU
		{B60A0491-B632-6BFA-8FCA-28AE785FB0FB}.Release|Any CPU.Build.0 = Release|Any CPU
		{F286EAE4-CEAC-E9FD-A7BE-3DFAB7B28248}.Debug|Any CPU.ActiveCfg = Debug|Any CPU
		{F286EAE4-CEAC-E9FD-A7BE-3DFAB7B28248}.Debug|Any CPU.Build.0 = Debug|Any CPU
		{F286EAE4-CEAC-E9FD-A7BE-3DFAB7B28248}.Release|Any CPU.ActiveCfg = Release|Any CPU
		{F286EAE4-CEAC-E9FD-A7BE-3DFAB7B28248}.Release|Any CPU.Build.0 = Release|Any CPU
	EndGlobalSection
	GlobalSection(SolutionProperties) = preSolution
		HideSolutionNode = FALSE
	EndGlobalSection
EndGlobal
